{
  "name": "PWA",
  "lockfileVersion": 2,
  "requires": true,
  "packages": {
    "": {
      "dependencies": {
        "@pwabuilder/pwainstall": "^1.6.7"
      }
    },
    "node_modules/@pwabuilder/pwainstall": {
      "version": "1.6.7",
      "resolved": "https://registry.npmjs.org/@pwabuilder/pwainstall/-/pwainstall-1.6.7.tgz",
      "integrity": "sha512-XV36t+DWeKVxM2PzBUUws7edEujmtqCISYVsr6SFpJ3yRjhOjURClJpRDo9cq4dymLFFBaoBdPdLejnAWhdUpw==",
      "dependencies": {
        "lit-element": "^2.4.0"
      }
    },
    "node_modules/lit-element": {
      "version": "2.5.1",
      "resolved": "https://registry.npmjs.org/lit-element/-/lit-element-2.5.1.tgz",
      "integrity": "sha512-ogu7PiJTA33bEK0xGu1dmaX5vhcRjBXCFexPja0e7P7jqLhTpNKYRPmE+GmiCaRVAbiQKGkUgkh/i6+bh++dPQ==",
      "dependencies": {
        "lit-html": "^1.1.1"
      }
    },
    "node_modules/lit-html": {
      "version": "1.4.1",
      "resolved": "https://registry.npmjs.org/lit-html/-/lit-html-1.4.1.tgz",
      "integrity": "sha512-B9btcSgPYb1q4oSOb/PrOT6Z/H+r6xuNzfH4lFli/AWhYwdtrgQkQWBbIc6mdnf6E2IL3gDXdkkqNktpU0OZQA=="
    }
  },
  "dependencies": {
    "@pwabuilder/pwainstall": {
      "version": "1.6.7",
      "resolved": "https://registry.npmjs.org/@pwabuilder/pwainstall/-/pwainstall-1.6.7.tgz",
      "integrity": "sha512-XV36t+DWeKVxM2PzBUUws7edEujmtqCISYVsr6SFpJ3yRjhOjURClJpRDo9cq4dymLFFBaoBdPdLejnAWhdUpw==",
      "requires": {
        "lit-element": "^2.4.0"
      }
    },
    "lit-element": {
      "version": "2.5.1",
      "resolved": "https://registry.npmjs.org/lit-element/-/lit-element-2.5.1.tgz",
      "integrity": "sha512-ogu7PiJTA33bEK0xGu1dmaX5vhcRjBXCFexPja0e7P7jqLhTpNKYRPmE+GmiCaRVAbiQKGkUgkh/i6+bh++dPQ==",
      "requires": {
        "lit-html": "^1.1.1"
      }
    },
    "lit-html": {
      "version": "1.4.1",
      "resolved": "https://registry.npmjs.org/lit-html/-/lit-html-1.4.1.tgz",
      "integrity": "sha512-B9btcSgPYb1q4oSOb/PrOT6Z/H+r6xuNzfH4lFli/AWhYwdtrgQkQWBbIc6mdnf6E2IL3gDXdkkqNktpU0OZQA=="
    }
  }
}
